
Microsoft Visual Studio Solution File, Format Version 12.00
# Visual Studio Version 17
VisualStudioVersion = 17.9.34723.18
MinimumVisualStudioVersion = 10.0.40219.1
Project("{FAE04EC0-301F-11D3-BF4B-00C04F79EFBC}") = "WebAPI02", "WebAPI02\WebAPI02.csproj", "{D42F7325-F9AF-4620-A939-47334402DE83}"
EndProject
Global
	GlobalSection(SolutionConfigurationPlatforms) = preSolution
		Debug|Any CPU = Debug|Any CPU
		Release|Any CPU = Release|Any CPU
	EndGlobalSection
	GlobalSection(ProjectConfigurationPlatforms) = postSolution
		{D42F7325-F9AF-4620-A939-47334402DE83}.Debug|Any CPU.ActiveCfg = Debug|Any CPU
		{D42F7325-F9AF-4620-A939-47334402DE83}.Debug|Any CPU.Build.0 = Debug|Any CPU
		{D42F7325-F9AF-4620-A939-47334402DE83}.Release|Any CPU.ActiveCfg = Release|Any CPU
		{D42F7325-F9AF-4620-A939-47334402DE83}.Release|Any CPU.Build.0 = Release|Any CPU
	EndGlobalSection
	GlobalSection(SolutionProperties) = preSolution
		HideSolutionNode = FALSE
	EndGlobalSection
	GlobalSection(ExtensibilityGlobals) = postSolution
		SolutionGuid = {F48A3A0E-FC1F-4410-891F-BFC4D80E936E}
	EndGlobalSection
EndGlobal
